
Microsoft Visual Studio Solution File, Format Version 12.00
Project("{FAE04EC0-301F-11D3-BF4B-00C04F79EFBC}") = "XUnitSampleProject", "XUnitSampleProject\XUnitSampleProject.csproj", "{3302D106-0A17-4725-BCD7-B8F21D656EDF}"
EndProject
Project("{FAE04EC0-301F-11D3-BF4B-00C04F79EFBC}") = "Nutshell", "Nutshell\Nutshell.csproj", "{11AFBAED-7691-400E-817D-AED85DD7419C}"
EndProject
Project("{FAE04EC0-301F-11D3-BF4B-00C04F79EFBC}") = "SQL", "SQL\SQL.csproj", "{705681A8-7F3A-44E8-8131-345B6CB3B836}"
EndProject
Project("{FAE04EC0-301F-11D3-BF4B-00C04F79EFBC}") = "Patterns", "Patterns\Patterns.csproj", "{ED52C363-4563-4972-A22C-576E85DFEDF7}"
EndProject
Global
	GlobalSection(SolutionConfigurationPlatforms) = preSolution
		Debug|Any CPU = Debug|Any CPU
		Release|Any CPU = Release|Any CPU
	EndGlobalSection
	GlobalSection(ProjectConfigurationPlatforms) = postSolution
		{3302D106-0A17-4725-BCD7-B8F21D656EDF}.Debug|Any CPU.ActiveCfg = Debug|Any CPU
		{3302D106-0A17-4725-BCD7-B8F21D656EDF}.Debug|Any CPU.Build.0 = Debug|Any CPU
		{3302D106-0A17-4725-BCD7-B8F21D656EDF}.Release|Any CPU.ActiveCfg = Release|Any CPU
		{3302D106-0A17-4725-BCD7-B8F21D656EDF}.Release|Any CPU.Build.0 = Release|Any CPU
		{11AFBAED-7691-400E-817D-AED85DD7419C}.Debug|Any CPU.ActiveCfg = Debug|Any CPU
		{11AFBAED-7691-400E-817D-AED85DD7419C}.Debug|Any CPU.Build.0 = Debug|Any CPU
		{11AFBAED-7691-400E-817D-AED85DD7419C}.Release|Any CPU.ActiveCfg = Release|Any CPU
		{11AFBAED-7691-400E-817D-AED85DD7419C}.Release|Any CPU.Build.0 = Release|Any CPU
		{705681A8-7F3A-44E8-8131-345B6CB3B836}.Debug|Any CPU.ActiveCfg = Debug|Any CPU
		{705681A8-7F3A-44E8-8131-345B6CB3B836}.Debug|Any CPU.Build.0 = Debug|Any CPU
		{705681A8-7F3A-44E8-8131-345B6CB3B836}.Release|Any CPU.ActiveCfg = Release|Any CPU
		{705681A8-7F3A-44E8-8131-345B6CB3B836}.Release|Any CPU.Build.0 = Release|Any CPU
		{ED52C363-4563-4972-A22C-576E85DFEDF7}.Debug|Any CPU.ActiveCfg = Debug|Any CPU
		{ED52C363-4563-4972-A22C-576E85DFEDF7}.Debug|Any CPU.Build.0 = Debug|Any CPU
		{ED52C363-4563-4972-A22C-576E85DFEDF7}.Release|Any CPU.ActiveCfg = Release|Any CPU
		{ED52C363-4563-4972-A22C-576E85DFEDF7}.Release|Any CPU.Build.0 = Release|Any CPU
	EndGlobalSection
EndGlobal
